
Microsoft Visual Studio Solution File, Format Version 12.00
# Visual Studio 15
VisualStudioVersion = 15.0.28307.960
MinimumVisualStudioVersion = 10.0.40219.1
Project("{159641D6-6404-4A2A-AE62-294DE0FE8301}") = "722 Project - DimDate", "722 Project - DimDate\722 Project - DimDate.dtproj", "{B2689C34-CEFD-426C-9608-BE0A02CA6E5D}"
EndProject
Global
	GlobalSection(SolutionConfigurationPlatforms) = preSolution
		Development|Default = Development|Default
	EndGlobalSection
	GlobalSection(ProjectConfigurationPlatforms) = postSolution
		{B2689C34-CEFD-426C-9608-BE0A02CA6E5D}.Development|Default.ActiveCfg = Development
		{B2689C34-CEFD-426C-9608-BE0A02CA6E5D}.Development|Default.Build.0 = Development
	EndGlobalSection
	GlobalSection(SolutionProperties) = preSolution
		HideSolutionNode = FALSE
	EndGlobalSection
	GlobalSection(ExtensibilityGlobals) = postSolution
		SolutionGuid = {DBE51CA8-3BB2-4EE8-AB71-CAB09C8A495D}
	EndGlobalSection
EndGlobal
